/Library/Developer/CommandLineTools/usr/bin/make tf cmd=apply
./hack/tofu.bash apply
Current SSH key path: /Users/lvsp/.ssh/id_equinix_carbonaut_ed25519.pub
Current num_projects: 1
Current vm_count_per_project: 1

OpenTofu used the selected providers to generate the following execution
plan. Resource actions are indicated with the following symbols:
  [32m+[0m create[0m

OpenTofu will perform the following actions:

[1m  # equinix_metal_device.vm["0-0"][0m will be created
[0m  [32m+[0m[0m resource "equinix_metal_device" "vm" {
      [32m+[0m[0m access_private_ipv4              = (known after apply)
      [32m+[0m[0m access_public_ipv4               = (known after apply)
      [32m+[0m[0m access_public_ipv6               = (known after apply)
      [32m+[0m[0m always_pxe                       = false
      [32m+[0m[0m billing_cycle                    = "hourly"
      [32m+[0m[0m created                          = (known after apply)
      [32m+[0m[0m deployed_facility                = (known after apply)
      [32m+[0m[0m deployed_hardware_reservation_id = (known after apply)
      [32m+[0m[0m force_detach_volumes             = false
      [32m+[0m[0m hostname                         = "tf-vm-0-0"
      [32m+[0m[0m id                               = (known after apply)
      [32m+[0m[0m locked                           = (known after apply)
      [32m+[0m[0m metro                            = "fr"
      [32m+[0m[0m network                          = (known after apply)
      [32m+[0m[0m network_type                     = (known after apply)
      [32m+[0m[0m operating_system                 = "debian_12"
      [32m+[0m[0m plan                             = "c3.small.x86"
      [32m+[0m[0m ports                            = (known after apply)
      [32m+[0m[0m project_id                       = (known after apply)
      [32m+[0m[0m project_ssh_key_ids              = (known after apply)
      [32m+[0m[0m root_password                    = (sensitive value)
      [32m+[0m[0m sos_hostname                     = (known after apply)
      [32m+[0m[0m ssh_key_ids                      = (known after apply)
      [32m+[0m[0m state                            = (known after apply)
      [32m+[0m[0m updated                          = (known after apply)
      [32m+[0m[0m wait_for_reservation_deprovision = false
    }

[1m  # equinix_metal_project.project["0"][0m will be created
[0m  [32m+[0m[0m resource "equinix_metal_project" "project" {
      [32m+[0m[0m backend_transfer  = false
      [32m+[0m[0m created           = (known after apply)
      [32m+[0m[0m id                = (known after apply)
      [32m+[0m[0m name              = "project-0"
      [32m+[0m[0m organization_id   = (known after apply)
      [32m+[0m[0m payment_method_id = (known after apply)
      [32m+[0m[0m updated           = (known after apply)
    }

[1m  # equinix_metal_project_ssh_key.project_key["0"][0m will be created
[0m  [32m+[0m[0m resource "equinix_metal_project_ssh_key" "project_key" {
      [32m+[0m[0m created     = (known after apply)
      [32m+[0m[0m fingerprint = (known after apply)
      [32m+[0m[0m id          = (known after apply)
      [32m+[0m[0m name        = "key-0"
      [32m+[0m[0m owner_id    = (known after apply)
      [32m+[0m[0m project_id  = (known after apply)
      [32m+[0m[0m public_key  = (sensitive value)
      [32m+[0m[0m updated     = (known after apply)
    }

[1mPlan:[0m 3 to add, 0 to change, 0 to destroy.
[0m
Changes to Outputs:
  [32m+[0m[0m vm_public_ip = {
      [32m+[0m[0m "0-0" = (known after apply)
    }
[0m[1m
Do you want to perform these actions?[0m
  OpenTofu will perform the actions described above.
  Only 'yes' will be accepted to approve.

  [1mEnter a value:[0m [0m
[0m[1mequinix_metal_project.project["0"]: Creating...[0m[0m
[0m[1mequinix_metal_project.project["0"]: Creation complete after 1s [id=72e5de9e-affd-4bc1-a7cd-a6d37625d04b][0m
[0m[1mequinix_metal_project_ssh_key.project_key["0"]: Creating...[0m[0m
[0m[1mequinix_metal_project_ssh_key.project_key["0"]: Creation complete after 0s [id=f15427e8-6258-4ac1-ac71-fd245359555e][0m
[0m[1mequinix_metal_device.vm["0-0"]: Creating...[0m[0m
[0m[1mequinix_metal_device.vm["0-0"]: Still creating... [10s elapsed][0m[0m
[0m[1mequinix_metal_device.vm["0-0"]: Still creating... [20s elapsed][0m[0m
[0m[1mequinix_metal_device.vm["0-0"]: Still creating... [30s elapsed][0m[0m
[0m[1mequinix_metal_device.vm["0-0"]: Still creating... [40s elapsed][0m[0m
[0m[1mequinix_metal_device.vm["0-0"]: Still creating... [50s elapsed][0m[0m
[0m[1mequinix_metal_device.vm["0-0"]: Still creating... [1m0s elapsed][0m[0m
[0m[1mequinix_metal_device.vm["0-0"]: Still creating... [1m10s elapsed][0m[0m
[0m[1mequinix_metal_device.vm["0-0"]: Still creating... [1m20s elapsed][0m[0m
[0m[1mequinix_metal_device.vm["0-0"]: Still creating... [1m30s elapsed][0m[0m
[0m[1mequinix_metal_device.vm["0-0"]: Still creating... [1m40s elapsed][0m[0m
[0m[1mequinix_metal_device.vm["0-0"]: Still creating... [1m50s elapsed][0m[0m
[0m[1mequinix_metal_device.vm["0-0"]: Creation complete after 1m56s [id=f9f6cbcb-fc4a-4c31-9023-f3c526c24aca][0m
[0m[1m[32m
Apply complete! Resources: 3 added, 0 changed, 0 destroyed.
[0m[0m[1m[32m
Outputs:

[0mvm_public_ip = {
  "0-0" = "145.40.94.229"
}
